
Microsoft Visual Studio Solution File, Format Version 12.00
# Visual Studio Version 16
VisualStudioVersion = 16.0.32106.194
MinimumVisualStudioVersion = 10.0.40219.1
Project("{FAE04EC0-301F-11D3-BF4B-00C04F79EFBC}") = "ArrObjInventario", "ArrObjInventario\ArrObjInventario.csproj", "{0DE029E2-DE1E-4DA7-976E-72C615B81BD4}"
EndProject
Global
	GlobalSection(SolutionConfigurationPlatforms) = preSolution
		Debug|Any CPU = Debug|Any CPU
		Release|Any CPU = Release|Any CPU
	EndGlobalSection
	GlobalSection(ProjectConfigurationPlatforms) = postSolution
		{0DE029E2-DE1E-4DA7-976E-72C615B81BD4}.Debug|Any CPU.ActiveCfg = Debug|Any CPU
		{0DE029E2-DE1E-4DA7-976E-72C615B81BD4}.Debug|Any CPU.Build.0 = Debug|Any CPU
		{0DE029E2-DE1E-4DA7-976E-72C615B81BD4}.Release|Any CPU.ActiveCfg = Release|Any CPU
		{0DE029E2-DE1E-4DA7-976E-72C615B81BD4}.Release|Any CPU.Build.0 = Release|Any CPU
	EndGlobalSection
	GlobalSection(SolutionProperties) = preSolution
		HideSolutionNode = FALSE
	EndGlobalSection
	GlobalSection(ExtensibilityGlobals) = postSolution
		SolutionGuid = {63F3538A-15C7-47D6-8EC9-D8EF7B69DA62}
	EndGlobalSection
EndGlobal
