
Microsoft Visual Studio Solution File, Format Version 12.00
# Visual Studio Version 17
VisualStudioVersion = 17.5.33530.505
MinimumVisualStudioVersion = 10.0.40219.1
Project("{FAE04EC0-301F-11D3-BF4B-00C04F79EFBC}") = "Calis", "Calis\Calis.csproj", "{F223751C-BDB2-437A-8888-DB317A9D3A12}"
EndProject
Global
	GlobalSection(SolutionConfigurationPlatforms) = preSolution
		Debug|Any CPU = Debug|Any CPU
		Release|Any CPU = Release|Any CPU
	EndGlobalSection
	GlobalSection(ProjectConfigurationPlatforms) = postSolution
		{F223751C-BDB2-437A-8888-DB317A9D3A12}.Debug|Any CPU.ActiveCfg = Debug|Any CPU
		{F223751C-BDB2-437A-8888-DB317A9D3A12}.Debug|Any CPU.Build.0 = Debug|Any CPU
		{F223751C-BDB2-437A-8888-DB317A9D3A12}.Release|Any CPU.ActiveCfg = Release|Any CPU
		{F223751C-BDB2-437A-8888-DB317A9D3A12}.Release|Any CPU.Build.0 = Release|Any CPU
	EndGlobalSection
	GlobalSection(SolutionProperties) = preSolution
		HideSolutionNode = FALSE
	EndGlobalSection
	GlobalSection(ExtensibilityGlobals) = postSolution
		SolutionGuid = {2BCE56D9-0C06-490A-9E7F-A9CF28AE4DB5}
	EndGlobalSection
EndGlobal
